// !$*UTF8*$!
{
	archiveVersion = 1;
	classes = {
	};
	objectVersion = 46;
	objects = {

/* Begin PBXBuildFile section */
		9B0EEE7513F2456F00E3166D /* UIKit.framework in Frameworks */ = {isa = PBXBuildFile; fileRef = 9B0EEE7413F2456F00E3166D /* UIKit.framework */; };
		9B0EEE7713F2456F00E3166D /* Foundation.framework in Frameworks */ = {isa = PBXBuildFile; fileRef = 9B0EEE7613F2456F00E3166D /* Foundation.framework */; };
		9B0EEE7913F2456F00E3166D /* CoreGraphics.framework in Frameworks */ = {isa = PBXBuildFile; fileRef = 9B0EEE7813F2456F00E3166D /* CoreGraphics.framework */; };
		9B0EEE7F13F2456F00E3166D /* InfoPlist.strings in Resources */ = {isa = PBXBuildFile; fileRef = 9B0EEE7D13F2456F00E3166D /* InfoPlist.strings */; };
		9B0EEE8113F2456F00E3166D /* main.m in Sources */ = {isa = PBXBuildFile; fileRef = 9B0EEE8013F2456F00E3166D /* main.m */; };
		9B0EEE8513F2456F00E3166D /* GraphingCalculatorAppDelegate.m in Sources */ = {isa = PBXBuildFile; fileRef = 9B0EEE8413F2456F00E3166D /* GraphingCalculatorAppDelegate.m */; };
		9B0EEE8813F2456F00E3166D /* MainWindow.xib in Resources */ = {isa = PBXBuildFile; fileRef = 9B0EEE8613F2456F00E3166D /* MainWindow.xib */; };
		9B0EEE9013F2458300E3166D /* AxesDrawer.m in Sources */ = {isa = PBXBuildFile; fileRef = 9B0EEE8F13F2458300E3166D /* AxesDrawer.m */; };
		9B0EEE9513F245BB00E3166D /* CalculatorBrain.m in Sources */ = {isa = PBXBuildFile; fileRef = 9B0EEE9213F245BB00E3166D /* CalculatorBrain.m */; };
		9B0EEE9613F245BB00E3166D /* CalculatorViewController.m in Sources */ = {isa = PBXBuildFile; fileRef = 9B0EEE9413F245BB00E3166D /* CalculatorViewController.m */; };
		9B0EEE9813F245C900E3166D /* CalculatorViewController.xib in Resources */ = {isa = PBXBuildFile; fileRef = 9B0EEE9713F245C900E3166D /* CalculatorViewController.xib */; };
		9B0EEE9C13FB7B8800E3166D /* GraphViewController.m in Sources */ = {isa = PBXBuildFile; fileRef = 9B0EEE9A13FB7B8700E3166D /* GraphViewController.m */; };
		9B0EEEA013FB7EB600E3166D /* GraphView.m in Sources */ = {isa = PBXBuildFile; fileRef = 9B0EEE9F13FB7EB600E3166D /* GraphView.m */; };
/* End PBXBuildFile section */

/* Begin PBXFileReference section */
		9B0EEE7013F2456F00E3166D /* GraphingCalculator.app */ = {isa = PBXFileReference; explicitFileType = wrapper.application; includeInIndex = 0; path = GraphingCalculator.app; sourceTree = BUILT_PRODUCTS_DIR; };
		9B0EEE7413F2456F00E3166D /* UIKit.framework */ = {isa = PBXFileReference; lastKnownFileType = wrapper.framework; name = UIKit.framework; path = System/Library/Frameworks/UIKit.framework; sourceTree = SDKROOT; };
		9B0EEE7613F2456F00E3166D /* Foundation.framework */ = {isa = PBXFileReference; lastKnownFileType = wrapper.framework; name = Foundation.framework; path = System/Library/Frameworks/Foundation.framework; sourceTree = SDKROOT; };
		9B0EEE7813F2456F00E3166D /* CoreGraphics.framework */ = {isa = PBXFileReference; lastKnownFileType = wrapper.framework; name = CoreGraphics.framework; path = System/Library/Frameworks/CoreGraphics.framework; sourceTree = SDKROOT; };
		9B0EEE7C13F2456F00E3166D /* GraphingCalculator-Info.plist */ = {isa = PBXFileReference; lastKnownFileType = text.plist.xml; path = "GraphingCalculator-Info.plist"; sourceTree = "<group>"; };
		9B0EEE7E13F2456F00E3166D /* en */ = {isa = PBXFileReference; lastKnownFileType = text.plist.strings; name = en; path = en.lproj/InfoPlist.strings; sourceTree = "<group>"; };
		9B0EEE8013F2456F00E3166D /* main.m */ = {isa = PBXFileReference; lastKnownFileType = sourcecode.c.objc; path = main.m; sourceTree = "<group>"; };
		9B0EEE8213F2456F00E3166D /* GraphingCalculator-Prefix.pch */ = {isa = PBXFileReference; lastKnownFileType = sourcecode.c.h; path = "GraphingCalculator-Prefix.pch"; sourceTree = "<group>"; };
		9B0EEE8313F2456F00E3166D /* GraphingCalculatorAppDelegate.h */ = {isa = PBXFileReference; lastKnownFileType = sourcecode.c.h; path = GraphingCalculatorAppDelegate.h; sourceTree = "<group>"; };
		9B0EEE8413F2456F00E3166D /* GraphingCalculatorAppDelegate.m */ = {isa = PBXFileReference; lastKnownFileType = sourcecode.c.objc; path = GraphingCalculatorAppDelegate.m; sourceTree = "<group>"; };
		9B0EEE8713F2456F00E3166D /* en */ = {isa = PBXFileReference; lastKnownFileType = file.xib; name = en; path = en.lproj/MainWindow.xib; sourceTree = "<group>"; };
		9B0EEE8E13F2458300E3166D /* AxesDrawer.h */ = {isa = PBXFileReference; fileEncoding = 4; lastKnownFileType = sourcecode.c.h; path = AxesDrawer.h; sourceTree = "<group>"; };
		9B0EEE8F13F2458300E3166D /* AxesDrawer.m */ = {isa = PBXFileReference; fileEncoding = 4; lastKnownFileType = sourcecode.c.objc; path = AxesDrawer.m; sourceTree = "<group>"; };
		9B0EEE9113F245BB00E3166D /* CalculatorBrain.h */ = {isa = PBXFileReference; fileEncoding = 4; lastKnownFileType = sourcecode.c.h; path = CalculatorBrain.h; sourceTree = "<group>"; };
		9B0EEE9213F245BB00E3166D /* CalculatorBrain.m */ = {isa = PBXFileReference; fileEncoding = 4; lastKnownFileType = sourcecode.c.objc; path = CalculatorBrain.m; sourceTree = "<group>"; };
		9B0EEE9313F245BB00E3166D /* CalculatorViewController.h */ = {isa = PBXFileReference; fileEncoding = 4; lastKnownFileType = sourcecode.c.h; path = CalculatorViewController.h; sourceTree = "<group>"; };
		9B0EEE9413F245BB00E3166D /* CalculatorViewController.m */ = {isa = PBXFileReference; fileEncoding = 4; lastKnownFileType = sourcecode.c.objc; path = CalculatorViewController.m; sourceTree = "<group>"; };
		9B0EEE9713F245C900E3166D /* CalculatorViewController.xib */ = {isa = PBXFileReference; fileEncoding = 4; lastKnownFileType = file.xib; path = CalculatorViewController.xib; sourceTree = "<group>"; };
		9B0EEE9913FB7B8700E3166D /* GraphViewController.h */ = {isa = PBXFileReference; fileEncoding = 4; lastKnownFileType = sourcecode.c.h; path = GraphViewController.h; sourceTree = "<group>"; };
		9B0EEE9A13FB7B8700E3166D /* GraphViewController.m */ = {isa = PBXFileReference; fileEncoding = 4; lastKnownFileType = sourcecode.c.objc; path = GraphViewController.m; sourceTree = "<group>"; };
		9B0EEE9E13FB7EB600E3166D /* GraphView.h */ = {isa = PBXFileReference; fileEncoding = 4; lastKnownFileType = sourcecode.c.h; path = GraphView.h; sourceTree = "<group>"; };
		9B0EEE9F13FB7EB600E3166D /* GraphView.m */ = {isa = PBXFileReference; fileEncoding = 4; lastKnownFileType = sourcecode.c.objc; path = GraphView.m; sourceTree = "<group>"; };
/* End PBXFileReference section */

/* Begin PBXFrameworksBuildPhase section */
		9B0EEE6D13F2456F00E3166D /* Frameworks */ = {
			isa = PBXFrameworksBuildPhase;
			buildActionMask = 2147483647;
			files = (
				9B0EEE7513F2456F00E3166D /* UIKit.framework in Frameworks */,
				9B0EEE7713F2456F00E3166D /* Foundation.framework in Frameworks */,
				9B0EEE7913F2456F00E3166D /* CoreGraphics.framework in Frameworks */,
			);
			runOnlyForDeploymentPostprocessing = 0;
		};
/* End PBXFrameworksBuildPhase section */

/* Begin PBXGroup section */
		9B0EEE6513F2456F00E3166D = {
			isa = PBXGroup;
			children = (
				9B0EEE7A13F2456F00E3166D /* GraphingCalculator */,
				9B0EEE7313F2456F00E3166D /* Frameworks */,
				9B0EEE7113F2456F00E3166D /* Products */,
			);
			sourceTree = "<group>";
		};
		9B0EEE7113F2456F00E3166D /* Products */ = {
			isa = PBXGroup;
			children = (
				9B0EEE7013F2456F00E3166D /* GraphingCalculator.app */,
			);
			name = Products;
			sourceTree = "<group>";
		};
		9B0EEE7313F2456F00E3166D /* Frameworks */ = {
			isa = PBXGroup;
			children = (
				9B0EEE7413F2456F00E3166D /* UIKit.framework */,
				9B0EEE7613F2456F00E3166D /* Foundation.framework */,
				9B0EEE7813F2456F00E3166D /* CoreGraphics.framework */,
			);
			name = Frameworks;
			sourceTree = "<group>";
		};
		9B0EEE7A13F2456F00E3166D /* GraphingCalculator */ = {
			isa = PBXGroup;
			children = (
				9B0EEE8313F2456F00E3166D /* GraphingCalculatorAppDelegate.h */,
				9B0EEE8413F2456F00E3166D /* GraphingCalculatorAppDelegate.m */,
				9B0EEE8613F2456F00E3166D /* MainWindow.xib */,
				9B0EEE8E13F2458300E3166D /* AxesDrawer.h */,
				9B0EEE8F13F2458300E3166D /* AxesDrawer.m */,
				9B0EEE9113F245BB00E3166D /* CalculatorBrain.h */,
				9B0EEE9213F245BB00E3166D /* CalculatorBrain.m */,
				9B0EEE9313F245BB00E3166D /* CalculatorViewController.h */,
				9B0EEE9413F245BB00E3166D /* CalculatorViewController.m */,
				9B0EEE9713F245C900E3166D /* CalculatorViewController.xib */,
				9B0EEE9913FB7B8700E3166D /* GraphViewController.h */,
				9B0EEE9A13FB7B8700E3166D /* GraphViewController.m */,
				9B0EEE9E13FB7EB600E3166D /* GraphView.h */,
				9B0EEE9F13FB7EB600E3166D /* GraphView.m */,
				9B0EEE7B13F2456F00E3166D /* Supporting Files */,
			);
			path = GraphingCalculator;
			sourceTree = "<group>";
		};
		9B0EEE7B13F2456F00E3166D /* Supporting Files */ = {
			isa = PBXGroup;
			children = (
				9B0EEE7C13F2456F00E3166D /* GraphingCalculator-Info.plist */,
				9B0EEE7D13F2456F00E3166D /* InfoPlist.strings */,
				9B0EEE8013F2456F00E3166D /* main.m */,
				9B0EEE8213F2456F00E3166D /* GraphingCalculator-Prefix.pch */,
			);
			name = "Supporting Files";
			sourceTree = "<group>";
		};
/* End PBXGroup section */

/* Begin PBXNativeTarget section */
		9B0EEE6F13F2456F00E3166D /* GraphingCalculator */ = {
			isa = PBXNativeTarget;
			buildConfigurationList = 9B0EEE8B13F2456F00E3166D /* Build configuration list for PBXNativeTarget "GraphingCalculator" */;
			buildPhases = (
				9B0EEE6C13F2456F00E3166D /* Sources */,
				9B0EEE6D13F2456F00E3166D /* Frameworks */,
				9B0EEE6E13F2456F00E3166D /* Resources */,
			);
			buildRules = (
			);
			dependencies = (
			);
			name = GraphingCalculator;
			productName = GraphingCalculator;
			productReference = 9B0EEE7013F2456F00E3166D /* GraphingCalculator.app */;
			productType = "com.apple.product-type.application";
		};
/* End PBXNativeTarget section */

/* Begin PBXProject section */
		9B0EEE6713F2456F00E3166D /* Project object */ = {
			isa = PBXProject;
			buildConfigurationList = 9B0EEE6A13F2456F00E3166D /* Build configuration list for PBXProject "GraphingCalculator" */;
			compatibilityVersion = "Xcode 3.2";
			developmentRegion = English;
			hasScannedForEncodings = 0;
			knownRegions = (
				en,
			);
			mainGroup = 9B0EEE6513F2456F00E3166D;
			productRefGroup = 9B0EEE7113F2456F00E3166D /* Products */;
			projectDirPath = "";
			projectRoot = "";
			targets = (
				9B0EEE6F13F2456F00E3166D /* GraphingCalculator */,
			);
		};
/* End PBXProject section */

/* Begin PBXResourcesBuildPhase section */
		9B0EEE6E13F2456F00E3166D /* Resources */ = {
			isa = PBXResourcesBuildPhase;
			buildActionMask = 2147483647;
			files = (
				9B0EEE7F13F2456F00E3166D /* InfoPlist.strings in Resources */,
				9B0EEE8813F2456F00E3166D /* MainWindow.xib in Resources */,
				9B0EEE9813F245C900E3166D /* CalculatorViewController.xib in Resources */,
			);
			runOnlyForDeploymentPostprocessing = 0;
		};
/* End PBXResourcesBuildPhase section */

/* Begin PBXSourcesBuildPhase section */
		9B0EEE6C13F2456F00E3166D /* Sources */ = {
			isa = PBXSourcesBuildPhase;
			buildActionMask = 2147483647;
			files = (
				9B0EEE8113F2456F00E3166D /* main.m in Sources */,
				9B0EEE8513F2456F00E3166D /* GraphingCalculatorAppDelegate.m in Sources */,
				9B0EEE9013F2458300E3166D /* AxesDrawer.m in Sources */,
				9B0EEE9513F245BB00E3166D /* CalculatorBrain.m in Sources */,
				9B0EEE9613F245BB00E3166D /* CalculatorViewController.m in Sources */,
				9B0EEE9C13FB7B8800E3166D /* GraphViewController.m in Sources */,
				9B0EEEA013FB7EB600E3166D /* GraphView.m in Sources */,
			);
			runOnlyForDeploymentPostprocessing = 0;
		};
/* End PBXSourcesBuildPhase section */

/* Begin PBXVariantGroup section */
		9B0EEE7D13F2456F00E3166D /* InfoPlist.strings */ = {
			isa = PBXVariantGroup;
			children = (
				9B0EEE7E13F2456F00E3166D /* en */,
			);
			name = InfoPlist.strings;
			sourceTree = "<group>";
		};
		9B0EEE8613F2456F00E3166D /* MainWindow.xib */ = {
			isa = PBXVariantGroup;
			children = (
				9B0EEE8713F2456F00E3166D /* en */,
			);
			name = MainWindow.xib;
			sourceTree = "<group>";
		};
/* End PBXVariantGroup section */

/* Begin XCBuildConfiguration section */
		9B0EEE8913F2456F00E3166D /* Debug */ = {
			isa = XCBuildConfiguration;
			buildSettings = {
				ALWAYS_SEARCH_USER_PATHS = NO;
				ARCHS = "$(ARCHS_STANDARD_32_BIT)";
				"CODE_SIGN_IDENTITY[sdk=iphoneos*]" = "iPhone Developer";
				COPY_PHASE_STRIP = NO;
				GCC_C_LANGUAGE_STANDARD = gnu99;
				GCC_DYNAMIC_NO_PIC = NO;
				GCC_OPTIMIZATION_LEVEL = 0;
				GCC_PREPROCESSOR_DEFINITIONS = (
					"DEBUG=1",
					"$(inherited)",
				);
				GCC_SYMBOLS_PRIVATE_EXTERN = NO;
				GCC_VERSION = com.apple.compilers.llvmgcc42;
				GCC_WARN_ABOUT_MISSING_PROTOTYPES = YES;
				GCC_WARN_ABOUT_RETURN_TYPE = YES;
				GCC_WARN_UNUSED_VARIABLE = YES;
				IPHONEOS_DEPLOYMENT_TARGET = 4.3;
				SDKROOT = iphoneos;
			};
			name = Debug;
		};
		9B0EEE8A13F2456F00E3166D /* Release */ = {
			isa = XCBuildConfiguration;
			buildSettings = {
				ALWAYS_SEARCH_USER_PATHS = NO;
				ARCHS = "$(ARCHS_STANDARD_32_BIT)";
				"CODE_SIGN_IDENTITY[sdk=iphoneos*]" = "iPhone Developer";
				COPY_PHASE_STRIP = YES;
				GCC_C_LANGUAGE_STANDARD = gnu99;
				GCC_VERSION = com.apple.compilers.llvmgcc42;
				GCC_WARN_ABOUT_MISSING_PROTOTYPES = YES;
				GCC_WARN_ABOUT_RETURN_TYPE = YES;
				GCC_WARN_UNUSED_VARIABLE = YES;
				IPHONEOS_DEPLOYMENT_TARGET = 4.3;
				OTHER_CFLAGS = "-DNS_BLOCK_ASSERTIONS=1";
				SDKROOT = iphoneos;
				VALIDATE_PRODUCT = YES;
			};
			name = Release;
		};
		9B0EEE8C13F2456F00E3166D /* Debug */ = {
			isa = XCBuildConfiguration;
			buildSettings = {
				GCC_PRECOMPILE_PREFIX_HEADER = YES;
				GCC_PREFIX_HEADER = "GraphingCalculator/GraphingCalculator-Prefix.pch";
				INFOPLIST_FILE = "GraphingCalculator/GraphingCalculator-Info.plist";
				PRODUCT_NAME = "$(TARGET_NAME)";
				WRAPPER_EXTENSION = app;
			};
			name = Debug;
		};
		9B0EEE8D13F2456F00E3166D /* Release */ = {
			isa = XCBuildConfiguration;
			buildSettings = {
				GCC_PRECOMPILE_PREFIX_HEADER = YES;
				GCC_PREFIX_HEADER = "GraphingCalculator/GraphingCalculator-Prefix.pch";
				INFOPLIST_FILE = "GraphingCalculator/GraphingCalculator-Info.plist";
				PRODUCT_NAME = "$(TARGET_NAME)";
				WRAPPER_EXTENSION = app;
			};
			name = Release;
		};
/* End XCBuildConfiguration section */

/* Begin XCConfigurationList section */
		9B0EEE6A13F2456F00E3166D /* Build configuration list for PBXProject "GraphingCalculator" */ = {
			isa = XCConfigurationList;
			buildConfigurations = (
				9B0EEE8913F2456F00E3166D /* Debug */,
				9B0EEE8A13F2456F00E3166D /* Release */,
			);
			defaultConfigurationIsVisible = 0;
			defaultConfigurationName = Release;
		};
		9B0EEE8B13F2456F00E3166D /* Build configuration list for PBXNativeTarget "GraphingCalculator" */ = {
			isa = XCConfigurationList;
			buildConfigurations = (
				9B0EEE8C13F2456F00E3166D /* Debug */,
				9B0EEE8D13F2456F00E3166D /* Release */,
			);
			defaultConfigurationIsVisible = 0;
			defaultConfigurationName = Release;
		};
/* End XCConfigurationList section */
	};
	rootObject = 9B0EEE6713F2456F00E3166D /* Project object */;
}
